
Microsoft Visual Studio Solution File, Format Version 12.00
# Visual Studio Version 17
VisualStudioVersion = 17.5.33424.131
MinimumVisualStudioVersion = 10.0.40219.1
Project("{2150E333-8FDC-42A3-9474-1A3956D46DE8}") = "src", "src", "{BC0CAB1B-1222-4F9F-8230-EF1AF91EDF0A}"
EndProject
Project("{2150E333-8FDC-42A3-9474-1A3956D46DE8}") = "API", "API", "{D2CD32BC-AD03-4CB1-99E4-3EBEBFECC472}"
EndProject
Project("{2150E333-8FDC-42A3-9474-1A3956D46DE8}") = "Core", "Core", "{A9512D85-2303-4FA7-89DF-FDC52D9AB0CE}"
EndProject
Project("{2150E333-8FDC-42A3-9474-1A3956D46DE8}") = "Infrastructure", "Infrastructure", "{9D51884E-A70E-41B9-B370-627BE70E53C4}"
EndProject
Project("{9A19103F-16F7-4668-BE54-9A1E7A4F7556}") = "LeaveManagement.Domain", "LeaveManagement.Domain\LeaveManagement.Domain.csproj", "{3DB7AD67-F6AC-475F-9C02-8BD9CCC803E5}"
EndProject
Project("{FAE04EC0-301F-11D3-BF4B-00C04F79EFBC}") = "LeaveManagement.Application", "LeaveManagement.Application\LeaveManagement.Application.csproj", "{9EFF626D-884C-46C5-AE96-158B91B477E0}"
EndProject
Project("{2150E333-8FDC-42A3-9474-1A3956D46DE8}") = "UI", "UI", "{B5F0AB18-1C4D-4D77-9C03-E9CDC9114705}"
EndProject
Project("{2150E333-8FDC-42A3-9474-1A3956D46DE8}") = "Test", "Test", "{510CEB6F-C194-457A-8DB4-375E18F9E114}"
EndProject
Global
	GlobalSection(SolutionConfigurationPlatforms) = preSolution
		Debug|Any CPU = Debug|Any CPU
		Release|Any CPU = Release|Any CPU
	EndGlobalSection
	GlobalSection(ProjectConfigurationPlatforms) = postSolution
		{3DB7AD67-F6AC-475F-9C02-8BD9CCC803E5}.Debug|Any CPU.ActiveCfg = Debug|Any CPU
		{3DB7AD67-F6AC-475F-9C02-8BD9CCC803E5}.Debug|Any CPU.Build.0 = Debug|Any CPU
		{3DB7AD67-F6AC-475F-9C02-8BD9CCC803E5}.Release|Any CPU.ActiveCfg = Release|Any CPU
		{3DB7AD67-F6AC-475F-9C02-8BD9CCC803E5}.Release|Any CPU.Build.0 = Release|Any CPU
		{9EFF626D-884C-46C5-AE96-158B91B477E0}.Debug|Any CPU.ActiveCfg = Debug|Any CPU
		{9EFF626D-884C-46C5-AE96-158B91B477E0}.Debug|Any CPU.Build.0 = Debug|Any CPU
		{9EFF626D-884C-46C5-AE96-158B91B477E0}.Release|Any CPU.ActiveCfg = Release|Any CPU
		{9EFF626D-884C-46C5-AE96-158B91B477E0}.Release|Any CPU.Build.0 = Release|Any CPU
	EndGlobalSection
	GlobalSection(SolutionProperties) = preSolution
		HideSolutionNode = FALSE
	EndGlobalSection
	GlobalSection(NestedProjects) = preSolution
		{D2CD32BC-AD03-4CB1-99E4-3EBEBFECC472} = {BC0CAB1B-1222-4F9F-8230-EF1AF91EDF0A}
		{A9512D85-2303-4FA7-89DF-FDC52D9AB0CE} = {BC0CAB1B-1222-4F9F-8230-EF1AF91EDF0A}
		{9D51884E-A70E-41B9-B370-627BE70E53C4} = {BC0CAB1B-1222-4F9F-8230-EF1AF91EDF0A}
		{3DB7AD67-F6AC-475F-9C02-8BD9CCC803E5} = {A9512D85-2303-4FA7-89DF-FDC52D9AB0CE}
		{9EFF626D-884C-46C5-AE96-158B91B477E0} = {A9512D85-2303-4FA7-89DF-FDC52D9AB0CE}
		{B5F0AB18-1C4D-4D77-9C03-E9CDC9114705} = {BC0CAB1B-1222-4F9F-8230-EF1AF91EDF0A}
		{510CEB6F-C194-457A-8DB4-375E18F9E114} = {BC0CAB1B-1222-4F9F-8230-EF1AF91EDF0A}
	EndGlobalSection
	GlobalSection(ExtensibilityGlobals) = postSolution
		SolutionGuid = {CE6B0ACB-A1CD-427C-8CE9-CBD7B401AF28}
	EndGlobalSection
EndGlobal
